
Microsoft Visual Studio Solution File, Format Version 12.00
# Visual Studio Version 16
VisualStudioVersion = 16.0.31313.79
MinimumVisualStudioVersion = 10.0.40219.1
Project("{9A19103F-16F7-4668-BE54-9A1E7A4F7556}") = "SetHookForInjection", "SetHookForInjection\SetHookForInjection.csproj", "{271B9709-8DBA-49CA-B461-6ADC73CFA5F7}"
EndProject
Project("{8BC9CEB8-8B4A-11D0-8D11-00A0C91BC942}") = "VimInjectedIpc", "VimInjectedIpc\VimInjectedIpc.vcxproj", "{E830D241-B257-4707-A551-D35EB51D2049}"
EndProject
Project("{9A19103F-16F7-4668-BE54-9A1E7A4F7556}") = "InjectedAppIpc", "InjectedAppIpc\InjectedAppIpc.csproj", "{B5E6E6A0-D503-4D11-8810-D075005C0000}"
EndProject
Project("{8BC9CEB8-8B4A-11D0-8D11-00A0C91BC942}") = "DllThatLoadsClr", "DllThatLoadsClr\DllThatLoadsClr.vcxproj", "{205AFC81-6C44-4A04-A13F-E24A8236E03D}"
EndProject
Global
	GlobalSection(SolutionConfigurationPlatforms) = preSolution
		Debug|Any CPU = Debug|Any CPU
		Debug|x64 = Debug|x64
		Debug|x86 = Debug|x86
		Release|Any CPU = Release|Any CPU
		Release|x64 = Release|x64
		Release|x86 = Release|x86
	EndGlobalSection
	GlobalSection(ProjectConfigurationPlatforms) = postSolution
		{271B9709-8DBA-49CA-B461-6ADC73CFA5F7}.Debug|Any CPU.ActiveCfg = Debug|Any CPU
		{271B9709-8DBA-49CA-B461-6ADC73CFA5F7}.Debug|Any CPU.Build.0 = Debug|Any CPU
		{271B9709-8DBA-49CA-B461-6ADC73CFA5F7}.Debug|x64.ActiveCfg = Debug|Any CPU
		{271B9709-8DBA-49CA-B461-6ADC73CFA5F7}.Debug|x64.Build.0 = Debug|Any CPU
		{271B9709-8DBA-49CA-B461-6ADC73CFA5F7}.Debug|x86.ActiveCfg = Debug|Any CPU
		{271B9709-8DBA-49CA-B461-6ADC73CFA5F7}.Debug|x86.Build.0 = Debug|Any CPU
		{271B9709-8DBA-49CA-B461-6ADC73CFA5F7}.Release|Any CPU.ActiveCfg = Release|Any CPU
		{271B9709-8DBA-49CA-B461-6ADC73CFA5F7}.Release|Any CPU.Build.0 = Release|Any CPU
		{271B9709-8DBA-49CA-B461-6ADC73CFA5F7}.Release|x64.ActiveCfg = Release|Any CPU
		{271B9709-8DBA-49CA-B461-6ADC73CFA5F7}.Release|x64.Build.0 = Release|Any CPU
		{271B9709-8DBA-49CA-B461-6ADC73CFA5F7}.Release|x86.ActiveCfg = Release|Any CPU
		{271B9709-8DBA-49CA-B461-6ADC73CFA5F7}.Release|x86.Build.0 = Release|Any CPU
		{E830D241-B257-4707-A551-D35EB51D2049}.Debug|Any CPU.ActiveCfg = Debug|Win32
		{E830D241-B257-4707-A551-D35EB51D2049}.Debug|x64.ActiveCfg = Debug|x64
		{E830D241-B257-4707-A551-D35EB51D2049}.Debug|x64.Build.0 = Debug|x64
		{E830D241-B257-4707-A551-D35EB51D2049}.Debug|x86.ActiveCfg = Debug|Win32
		{E830D241-B257-4707-A551-D35EB51D2049}.Debug|x86.Build.0 = Debug|Win32
		{E830D241-B257-4707-A551-D35EB51D2049}.Release|Any CPU.ActiveCfg = Release|Win32
		{E830D241-B257-4707-A551-D35EB51D2049}.Release|x64.ActiveCfg = Release|x64
		{E830D241-B257-4707-A551-D35EB51D2049}.Release|x64.Build.0 = Release|x64
		{E830D241-B257-4707-A551-D35EB51D2049}.Release|x86.ActiveCfg = Release|Win32
		{E830D241-B257-4707-A551-D35EB51D2049}.Release|x86.Build.0 = Release|Win32
		{B5E6E6A0-D503-4D11-8810-D075005C0000}.Debug|Any CPU.ActiveCfg = Debug|Any CPU
		{B5E6E6A0-D503-4D11-8810-D075005C0000}.Debug|Any CPU.Build.0 = Debug|Any CPU
		{B5E6E6A0-D503-4D11-8810-D075005C0000}.Debug|x64.ActiveCfg = Debug|Any CPU
		{B5E6E6A0-D503-4D11-8810-D075005C0000}.Debug|x64.Build.0 = Debug|Any CPU
		{B5E6E6A0-D503-4D11-8810-D075005C0000}.Debug|x86.ActiveCfg = Debug|Any CPU
		{B5E6E6A0-D503-4D11-8810-D075005C0000}.Debug|x86.Build.0 = Debug|Any CPU
		{B5E6E6A0-D503-4D11-8810-D075005C0000}.Release|Any CPU.ActiveCfg = Release|Any CPU
		{B5E6E6A0-D503-4D11-8810-D075005C0000}.Release|Any CPU.Build.0 = Release|Any CPU
		{B5E6E6A0-D503-4D11-8810-D075005C0000}.Release|x64.ActiveCfg = Release|Any CPU
		{B5E6E6A0-D503-4D11-8810-D075005C0000}.Release|x64.Build.0 = Release|Any CPU
		{B5E6E6A0-D503-4D11-8810-D075005C0000}.Release|x86.ActiveCfg = Release|Any CPU
		{B5E6E6A0-D503-4D11-8810-D075005C0000}.Release|x86.Build.0 = Release|Any CPU
		{205AFC81-6C44-4A04-A13F-E24A8236E03D}.Debug|Any CPU.ActiveCfg = Debug|Win32
		{205AFC81-6C44-4A04-A13F-E24A8236E03D}.Debug|x64.ActiveCfg = Debug|x64
		{205AFC81-6C44-4A04-A13F-E24A8236E03D}.Debug|x64.Build.0 = Debug|x64
		{205AFC81-6C44-4A04-A13F-E24A8236E03D}.Debug|x86.ActiveCfg = Debug|Win32
		{205AFC81-6C44-4A04-A13F-E24A8236E03D}.Debug|x86.Build.0 = Debug|Win32
		{205AFC81-6C44-4A04-A13F-E24A8236E03D}.Release|Any CPU.ActiveCfg = Release|Win32
		{205AFC81-6C44-4A04-A13F-E24A8236E03D}.Release|x64.ActiveCfg = Release|x64
		{205AFC81-6C44-4A04-A13F-E24A8236E03D}.Release|x64.Build.0 = Release|x64
		{205AFC81-6C44-4A04-A13F-E24A8236E03D}.Release|x86.ActiveCfg = Release|Win32
		{205AFC81-6C44-4A04-A13F-E24A8236E03D}.Release|x86.Build.0 = Release|Win32
	EndGlobalSection
	GlobalSection(SolutionProperties) = preSolution
		HideSolutionNode = FALSE
	EndGlobalSection
	GlobalSection(ExtensibilityGlobals) = postSolution
		SolutionGuid = {0DA3E781-512F-4845-90DC-2ED263A6AB3E}
	EndGlobalSection
EndGlobal
