
Microsoft Visual Studio Solution File, Format Version 12.00
# Visual Studio Version 16
VisualStudioVersion = 16.0.31515.178
MinimumVisualStudioVersion = 10.0.40219.1
Project("{8BC9CEB8-8B4A-11D0-8D11-00A0C91BC942}") = "DynamicClrHosting", "DynamicClrHosting\DynamicClrHosting.vcxproj", "{7E73EA1B-5EC5-4267-9B01-205455D1653E}"
EndProject
Project("{9A19103F-16F7-4668-BE54-9A1E7A4F7556}") = "ManagedLibraryForInjection", "ManagedLibraryForInjection\ManagedLibraryForInjection.csproj", "{0ABCCFBB-565A-4FE2-A7AD-2B3761C14196}"
EndProject
Project("{9A19103F-16F7-4668-BE54-9A1E7A4F7556}") = "Brotils", "Brotils\Brotils.csproj", "{F394A2BA-C66F-48A2-B04F-6F6A660A7564}"
EndProject
Project("{9A19103F-16F7-4668-BE54-9A1E7A4F7556}") = "NetWrapperForTesting", "NetWrapperForTesting\NetWrapperForTesting.csproj", "{197B870E-CE93-48DB-A75B-35D24936B627}"
EndProject
Project("{8BC9CEB8-8B4A-11D0-8D11-00A0C91BC942}") = "VimInProcessOrchestrator", "VimInProcessOrchestrator\VimInProcessOrchestrator.vcxproj", "{815C451B-35B2-489D-9D3B-E2F433AF3241}"
EndProject
Project("{9A19103F-16F7-4668-BE54-9A1E7A4F7556}") = "SetHookForInjection", "SetHookForInjection\SetHookForInjection.csproj", "{83088E66-5B2D-487B-82A1-D448DA2A09E5}"
EndProject
Project("{9A19103F-16F7-4668-BE54-9A1E7A4F7556}") = "Win32Utils", "Win32Utils\Win32Utils.csproj", "{84230CE7-F2E2-470C-9815-D6680DB8977E}"
EndProject
Project("{9A19103F-16F7-4668-BE54-9A1E7A4F7556}") = "VB6ApiGenerator", "VB6ApiGenerator\VB6ApiGenerator.csproj", "{BC17B727-E773-40B1-B03C-31D28734C5E6}"
EndProject
Project("{9A19103F-16F7-4668-BE54-9A1E7A4F7556}") = "ManagedAssemblyRunner", "ManagedAssemblyRunner\ManagedAssemblyRunner.csproj", "{62E7325E-0114-4077-AB57-4D465F9B0BCD}"
EndProject
Project("{8BC9CEB8-8B4A-11D0-8D11-00A0C91BC942}") = "HookLibrary", "HookLibrary\HookLibrary.vcxproj", "{79F59BFB-95E0-4D1C-B5B4-E5A89838345A}"
EndProject
Project("{FAE04EC0-301F-11D3-BF4B-00C04F79EFBC}") = "SharedStructures", "SharedStructures\SharedStructures.csproj", "{BAF88779-5086-487E-9552-0C1B3343AEC8}"
EndProject
Global
	GlobalSection(SolutionConfigurationPlatforms) = preSolution
		Debug|Any CPU = Debug|Any CPU
		Debug|x64 = Debug|x64
		Debug|x86 = Debug|x86
		Release|Any CPU = Release|Any CPU
		Release|x64 = Release|x64
		Release|x86 = Release|x86
	EndGlobalSection
	GlobalSection(ProjectConfigurationPlatforms) = postSolution
		{7E73EA1B-5EC5-4267-9B01-205455D1653E}.Debug|Any CPU.ActiveCfg = Debug|Win32
		{7E73EA1B-5EC5-4267-9B01-205455D1653E}.Debug|x64.ActiveCfg = Debug|x64
		{7E73EA1B-5EC5-4267-9B01-205455D1653E}.Debug|x64.Build.0 = Debug|x64
		{7E73EA1B-5EC5-4267-9B01-205455D1653E}.Debug|x86.ActiveCfg = Debug|Win32
		{7E73EA1B-5EC5-4267-9B01-205455D1653E}.Debug|x86.Build.0 = Debug|Win32
		{7E73EA1B-5EC5-4267-9B01-205455D1653E}.Release|Any CPU.ActiveCfg = Release|Win32
		{7E73EA1B-5EC5-4267-9B01-205455D1653E}.Release|x64.ActiveCfg = Release|x64
		{7E73EA1B-5EC5-4267-9B01-205455D1653E}.Release|x64.Build.0 = Release|x64
		{7E73EA1B-5EC5-4267-9B01-205455D1653E}.Release|x86.ActiveCfg = Release|Win32
		{7E73EA1B-5EC5-4267-9B01-205455D1653E}.Release|x86.Build.0 = Release|Win32
		{0ABCCFBB-565A-4FE2-A7AD-2B3761C14196}.Debug|Any CPU.ActiveCfg = Debug|Any CPU
		{0ABCCFBB-565A-4FE2-A7AD-2B3761C14196}.Debug|Any CPU.Build.0 = Debug|Any CPU
		{0ABCCFBB-565A-4FE2-A7AD-2B3761C14196}.Debug|x64.ActiveCfg = Debug|Any CPU
		{0ABCCFBB-565A-4FE2-A7AD-2B3761C14196}.Debug|x64.Build.0 = Debug|Any CPU
		{0ABCCFBB-565A-4FE2-A7AD-2B3761C14196}.Debug|x86.ActiveCfg = Debug|Any CPU
		{0ABCCFBB-565A-4FE2-A7AD-2B3761C14196}.Debug|x86.Build.0 = Debug|Any CPU
		{0ABCCFBB-565A-4FE2-A7AD-2B3761C14196}.Release|Any CPU.ActiveCfg = Release|Any CPU
		{0ABCCFBB-565A-4FE2-A7AD-2B3761C14196}.Release|Any CPU.Build.0 = Release|Any CPU
		{0ABCCFBB-565A-4FE2-A7AD-2B3761C14196}.Release|x64.ActiveCfg = Release|Any CPU
		{0ABCCFBB-565A-4FE2-A7AD-2B3761C14196}.Release|x64.Build.0 = Release|Any CPU
		{0ABCCFBB-565A-4FE2-A7AD-2B3761C14196}.Release|x86.ActiveCfg = Release|Any CPU
		{0ABCCFBB-565A-4FE2-A7AD-2B3761C14196}.Release|x86.Build.0 = Release|Any CPU
		{F394A2BA-C66F-48A2-B04F-6F6A660A7564}.Debug|Any CPU.ActiveCfg = Debug|Any CPU
		{F394A2BA-C66F-48A2-B04F-6F6A660A7564}.Debug|Any CPU.Build.0 = Debug|Any CPU
		{F394A2BA-C66F-48A2-B04F-6F6A660A7564}.Debug|x64.ActiveCfg = Debug|Any CPU
		{F394A2BA-C66F-48A2-B04F-6F6A660A7564}.Debug|x64.Build.0 = Debug|Any CPU
		{F394A2BA-C66F-48A2-B04F-6F6A660A7564}.Debug|x86.ActiveCfg = Debug|Any CPU
		{F394A2BA-C66F-48A2-B04F-6F6A660A7564}.Debug|x86.Build.0 = Debug|Any CPU
		{F394A2BA-C66F-48A2-B04F-6F6A660A7564}.Release|Any CPU.ActiveCfg = Release|Any CPU
		{F394A2BA-C66F-48A2-B04F-6F6A660A7564}.Release|Any CPU.Build.0 = Release|Any CPU
		{F394A2BA-C66F-48A2-B04F-6F6A660A7564}.Release|x64.ActiveCfg = Release|Any CPU
		{F394A2BA-C66F-48A2-B04F-6F6A660A7564}.Release|x64.Build.0 = Release|Any CPU
		{F394A2BA-C66F-48A2-B04F-6F6A660A7564}.Release|x86.ActiveCfg = Release|Any CPU
		{F394A2BA-C66F-48A2-B04F-6F6A660A7564}.Release|x86.Build.0 = Release|Any CPU
		{197B870E-CE93-48DB-A75B-35D24936B627}.Debug|Any CPU.ActiveCfg = Debug|Any CPU
		{197B870E-CE93-48DB-A75B-35D24936B627}.Debug|Any CPU.Build.0 = Debug|Any CPU
		{197B870E-CE93-48DB-A75B-35D24936B627}.Debug|x64.ActiveCfg = Debug|Any CPU
		{197B870E-CE93-48DB-A75B-35D24936B627}.Debug|x64.Build.0 = Debug|Any CPU
		{197B870E-CE93-48DB-A75B-35D24936B627}.Debug|x86.ActiveCfg = Debug|Any CPU
		{197B870E-CE93-48DB-A75B-35D24936B627}.Debug|x86.Build.0 = Debug|Any CPU
		{197B870E-CE93-48DB-A75B-35D24936B627}.Release|Any CPU.ActiveCfg = Release|Any CPU
		{197B870E-CE93-48DB-A75B-35D24936B627}.Release|Any CPU.Build.0 = Release|Any CPU
		{197B870E-CE93-48DB-A75B-35D24936B627}.Release|x64.ActiveCfg = Release|Any CPU
		{197B870E-CE93-48DB-A75B-35D24936B627}.Release|x64.Build.0 = Release|Any CPU
		{197B870E-CE93-48DB-A75B-35D24936B627}.Release|x86.ActiveCfg = Release|Any CPU
		{197B870E-CE93-48DB-A75B-35D24936B627}.Release|x86.Build.0 = Release|Any CPU
		{815C451B-35B2-489D-9D3B-E2F433AF3241}.Debug|Any CPU.ActiveCfg = Debug|Win32
		{815C451B-35B2-489D-9D3B-E2F433AF3241}.Debug|x64.ActiveCfg = Debug|x64
		{815C451B-35B2-489D-9D3B-E2F433AF3241}.Debug|x64.Build.0 = Debug|x64
		{815C451B-35B2-489D-9D3B-E2F433AF3241}.Debug|x86.ActiveCfg = Debug|Win32
		{815C451B-35B2-489D-9D3B-E2F433AF3241}.Debug|x86.Build.0 = Debug|Win32
		{815C451B-35B2-489D-9D3B-E2F433AF3241}.Release|Any CPU.ActiveCfg = Release|Win32
		{815C451B-35B2-489D-9D3B-E2F433AF3241}.Release|x64.ActiveCfg = Release|x64
		{815C451B-35B2-489D-9D3B-E2F433AF3241}.Release|x64.Build.0 = Release|x64
		{815C451B-35B2-489D-9D3B-E2F433AF3241}.Release|x86.ActiveCfg = Release|Win32
		{815C451B-35B2-489D-9D3B-E2F433AF3241}.Release|x86.Build.0 = Release|Win32
		{83088E66-5B2D-487B-82A1-D448DA2A09E5}.Debug|Any CPU.ActiveCfg = Debug|Any CPU
		{83088E66-5B2D-487B-82A1-D448DA2A09E5}.Debug|Any CPU.Build.0 = Debug|Any CPU
		{83088E66-5B2D-487B-82A1-D448DA2A09E5}.Debug|x64.ActiveCfg = Debug|Any CPU
		{83088E66-5B2D-487B-82A1-D448DA2A09E5}.Debug|x64.Build.0 = Debug|Any CPU
		{83088E66-5B2D-487B-82A1-D448DA2A09E5}.Debug|x86.ActiveCfg = Debug|Any CPU
		{83088E66-5B2D-487B-82A1-D448DA2A09E5}.Debug|x86.Build.0 = Debug|Any CPU
		{83088E66-5B2D-487B-82A1-D448DA2A09E5}.Release|Any CPU.ActiveCfg = Release|Any CPU
		{83088E66-5B2D-487B-82A1-D448DA2A09E5}.Release|Any CPU.Build.0 = Release|Any CPU
		{83088E66-5B2D-487B-82A1-D448DA2A09E5}.Release|x64.ActiveCfg = Release|Any CPU
		{83088E66-5B2D-487B-82A1-D448DA2A09E5}.Release|x64.Build.0 = Release|Any CPU
		{83088E66-5B2D-487B-82A1-D448DA2A09E5}.Release|x86.ActiveCfg = Release|Any CPU
		{83088E66-5B2D-487B-82A1-D448DA2A09E5}.Release|x86.Build.0 = Release|Any CPU
		{84230CE7-F2E2-470C-9815-D6680DB8977E}.Debug|Any CPU.ActiveCfg = Debug|Any CPU
		{84230CE7-F2E2-470C-9815-D6680DB8977E}.Debug|Any CPU.Build.0 = Debug|Any CPU
		{84230CE7-F2E2-470C-9815-D6680DB8977E}.Debug|x64.ActiveCfg = Debug|Any CPU
		{84230CE7-F2E2-470C-9815-D6680DB8977E}.Debug|x64.Build.0 = Debug|Any CPU
		{84230CE7-F2E2-470C-9815-D6680DB8977E}.Debug|x86.ActiveCfg = Debug|Any CPU
		{84230CE7-F2E2-470C-9815-D6680DB8977E}.Debug|x86.Build.0 = Debug|Any CPU
		{84230CE7-F2E2-470C-9815-D6680DB8977E}.Release|Any CPU.ActiveCfg = Release|Any CPU
		{84230CE7-F2E2-470C-9815-D6680DB8977E}.Release|Any CPU.Build.0 = Release|Any CPU
		{84230CE7-F2E2-470C-9815-D6680DB8977E}.Release|x64.ActiveCfg = Release|Any CPU
		{84230CE7-F2E2-470C-9815-D6680DB8977E}.Release|x64.Build.0 = Release|Any CPU
		{84230CE7-F2E2-470C-9815-D6680DB8977E}.Release|x86.ActiveCfg = Release|Any CPU
		{84230CE7-F2E2-470C-9815-D6680DB8977E}.Release|x86.Build.0 = Release|Any CPU
		{BC17B727-E773-40B1-B03C-31D28734C5E6}.Debug|Any CPU.ActiveCfg = Debug|Any CPU
		{BC17B727-E773-40B1-B03C-31D28734C5E6}.Debug|Any CPU.Build.0 = Debug|Any CPU
		{BC17B727-E773-40B1-B03C-31D28734C5E6}.Debug|x64.ActiveCfg = Debug|Any CPU
		{BC17B727-E773-40B1-B03C-31D28734C5E6}.Debug|x64.Build.0 = Debug|Any CPU
		{BC17B727-E773-40B1-B03C-31D28734C5E6}.Debug|x86.ActiveCfg = Debug|Any CPU
		{BC17B727-E773-40B1-B03C-31D28734C5E6}.Debug|x86.Build.0 = Debug|Any CPU
		{BC17B727-E773-40B1-B03C-31D28734C5E6}.Release|Any CPU.ActiveCfg = Release|Any CPU
		{BC17B727-E773-40B1-B03C-31D28734C5E6}.Release|Any CPU.Build.0 = Release|Any CPU
		{BC17B727-E773-40B1-B03C-31D28734C5E6}.Release|x64.ActiveCfg = Release|Any CPU
		{BC17B727-E773-40B1-B03C-31D28734C5E6}.Release|x64.Build.0 = Release|Any CPU
		{BC17B727-E773-40B1-B03C-31D28734C5E6}.Release|x86.ActiveCfg = Release|Any CPU
		{BC17B727-E773-40B1-B03C-31D28734C5E6}.Release|x86.Build.0 = Release|Any CPU
		{62E7325E-0114-4077-AB57-4D465F9B0BCD}.Debug|Any CPU.ActiveCfg = Debug|Any CPU
		{62E7325E-0114-4077-AB57-4D465F9B0BCD}.Debug|Any CPU.Build.0 = Debug|Any CPU
		{62E7325E-0114-4077-AB57-4D465F9B0BCD}.Debug|x64.ActiveCfg = Debug|Any CPU
		{62E7325E-0114-4077-AB57-4D465F9B0BCD}.Debug|x64.Build.0 = Debug|Any CPU
		{62E7325E-0114-4077-AB57-4D465F9B0BCD}.Debug|x86.ActiveCfg = Debug|Any CPU
		{62E7325E-0114-4077-AB57-4D465F9B0BCD}.Debug|x86.Build.0 = Debug|Any CPU
		{62E7325E-0114-4077-AB57-4D465F9B0BCD}.Release|Any CPU.ActiveCfg = Release|Any CPU
		{62E7325E-0114-4077-AB57-4D465F9B0BCD}.Release|Any CPU.Build.0 = Release|Any CPU
		{62E7325E-0114-4077-AB57-4D465F9B0BCD}.Release|x64.ActiveCfg = Release|Any CPU
		{62E7325E-0114-4077-AB57-4D465F9B0BCD}.Release|x64.Build.0 = Release|Any CPU
		{62E7325E-0114-4077-AB57-4D465F9B0BCD}.Release|x86.ActiveCfg = Release|Any CPU
		{62E7325E-0114-4077-AB57-4D465F9B0BCD}.Release|x86.Build.0 = Release|Any CPU
		{79F59BFB-95E0-4D1C-B5B4-E5A89838345A}.Debug|Any CPU.ActiveCfg = Debug|Win32
		{79F59BFB-95E0-4D1C-B5B4-E5A89838345A}.Debug|x64.ActiveCfg = Debug|x64
		{79F59BFB-95E0-4D1C-B5B4-E5A89838345A}.Debug|x64.Build.0 = Debug|x64
		{79F59BFB-95E0-4D1C-B5B4-E5A89838345A}.Debug|x86.ActiveCfg = Debug|Win32
		{79F59BFB-95E0-4D1C-B5B4-E5A89838345A}.Debug|x86.Build.0 = Debug|Win32
		{79F59BFB-95E0-4D1C-B5B4-E5A89838345A}.Release|Any CPU.ActiveCfg = Release|Win32
		{79F59BFB-95E0-4D1C-B5B4-E5A89838345A}.Release|x64.ActiveCfg = Release|x64
		{79F59BFB-95E0-4D1C-B5B4-E5A89838345A}.Release|x64.Build.0 = Release|x64
		{79F59BFB-95E0-4D1C-B5B4-E5A89838345A}.Release|x86.ActiveCfg = Release|Win32
		{79F59BFB-95E0-4D1C-B5B4-E5A89838345A}.Release|x86.Build.0 = Release|Win32
		{BAF88779-5086-487E-9552-0C1B3343AEC8}.Debug|Any CPU.ActiveCfg = Debug|Any CPU
		{BAF88779-5086-487E-9552-0C1B3343AEC8}.Debug|Any CPU.Build.0 = Debug|Any CPU
		{BAF88779-5086-487E-9552-0C1B3343AEC8}.Debug|x64.ActiveCfg = Debug|Any CPU
		{BAF88779-5086-487E-9552-0C1B3343AEC8}.Debug|x64.Build.0 = Debug|Any CPU
		{BAF88779-5086-487E-9552-0C1B3343AEC8}.Debug|x86.ActiveCfg = Debug|Any CPU
		{BAF88779-5086-487E-9552-0C1B3343AEC8}.Debug|x86.Build.0 = Debug|Any CPU
		{BAF88779-5086-487E-9552-0C1B3343AEC8}.Release|Any CPU.ActiveCfg = Release|Any CPU
		{BAF88779-5086-487E-9552-0C1B3343AEC8}.Release|Any CPU.Build.0 = Release|Any CPU
		{BAF88779-5086-487E-9552-0C1B3343AEC8}.Release|x64.ActiveCfg = Release|Any CPU
		{BAF88779-5086-487E-9552-0C1B3343AEC8}.Release|x64.Build.0 = Release|Any CPU
		{BAF88779-5086-487E-9552-0C1B3343AEC8}.Release|x86.ActiveCfg = Release|Any CPU
		{BAF88779-5086-487E-9552-0C1B3343AEC8}.Release|x86.Build.0 = Release|Any CPU
	EndGlobalSection
	GlobalSection(SolutionProperties) = preSolution
		HideSolutionNode = FALSE
	EndGlobalSection
	GlobalSection(ExtensibilityGlobals) = postSolution
		SolutionGuid = {9D4A1E7C-3908-45CD-84A9-4DC72309B939}
	EndGlobalSection
EndGlobal
